
Microsoft Visual Studio Solution File, Format Version 12.00
# Visual Studio Version 17
VisualStudioVersion = 17.14.37314.3 d17.14
MinimumVisualStudioVersion = 10.0.40219.1
Project("{FAE04EC0-301F-11D3-BF4B-00C04F79EFBC}") = "CSharp-MiniMaxSum", "CSharp-MiniMaxSum\CSharp-MiniMaxSum.csproj", "{E42FEAF1-53EE-4A9C-AC1A-777E2CA718FC}"
EndProject
Global
	GlobalSection(SolutionConfigurationPlatforms) = preSolution
		Debug|Any CPU = Debug|Any CPU
		Release|Any CPU = Release|Any CPU
	EndGlobalSection
	GlobalSection(ProjectConfigurationPlatforms) = postSolution
		{E42FEAF1-53EE-4A9C-AC1A-777E2CA718FC}.Debug|Any CPU.ActiveCfg = Debug|Any CPU
		{E42FEAF1-53EE-4A9C-AC1A-777E2CA718FC}.Debug|Any CPU.Build.0 = Debug|Any CPU
		{E42FEAF1-53EE-4A9C-AC1A-777E2CA718FC}.Release|Any CPU.ActiveCfg = Release|Any CPU
		{E42FEAF1-53EE-4A9C-AC1A-777E2CA718FC}.Release|Any CPU.Build.0 = Release|Any CPU
	EndGlobalSection
	GlobalSection(SolutionProperties) = preSolution
		HideSolutionNode = FALSE
	EndGlobalSection
	GlobalSection(ExtensibilityGlobals) = postSolution
		SolutionGuid = {C9687700-3BE9-4C37-ABAC-4AD8FBB2313C}
	EndGlobalSection
EndGlobal
